
Microsoft Visual Studio Solution File, Format Version 12.00
# Visual Studio Version 17
VisualStudioVersion = 17.13.35825.156 d17.13
MinimumVisualStudioVersion = 10.0.40219.1
Project("{FAE04EC0-301F-11D3-BF4B-00C04F79EFBC}") = "Online Ordering Management System", "Online Ordering Management System\Online Ordering Management System.csproj", "{B05E0856-087B-4D0B-8A14-FADDC21EC70C}"
EndProject
Global
	GlobalSection(SolutionConfigurationPlatforms) = preSolution
		Debug|Any CPU = Debug|Any CPU
		Release|Any CPU = Release|Any CPU
	EndGlobalSection
	GlobalSection(ProjectConfigurationPlatforms) = postSolution
		{B05E0856-087B-4D0B-8A14-FADDC21EC70C}.Debug|Any CPU.ActiveCfg = Debug|Any CPU
		{B05E0856-087B-4D0B-8A14-FADDC21EC70C}.Debug|Any CPU.Build.0 = Debug|Any CPU
		{B05E0856-087B-4D0B-8A14-FADDC21EC70C}.Release|Any CPU.ActiveCfg = Release|Any CPU
		{B05E0856-087B-4D0B-8A14-FADDC21EC70C}.Release|Any CPU.Build.0 = Release|Any CPU
	EndGlobalSection
	GlobalSection(SolutionProperties) = preSolution
		HideSolutionNode = FALSE
	EndGlobalSection
	GlobalSection(ExtensibilityGlobals) = postSolution
		SolutionGuid = {DECCF481-A49F-450E-BC82-9F2F1FED543D}
	EndGlobalSection
EndGlobal
